
Microsoft Visual Studio Solution File, Format Version 12.00
# Visual Studio Version 17
VisualStudioVersion = 17.4.33213.308
MinimumVisualStudioVersion = 10.0.40219.1
Project("{9A19103F-16F7-4668-BE54-9A1E7A4F7556}") = "Suyaa.Apis.Windows", "Suyaa.Apis.Window\Suyaa.Apis.Windows.csproj", "{6F56A9E7-0475-486D-91CA-1F22A6964FD6}"
EndProject
Project("{9A19103F-16F7-4668-BE54-9A1E7A4F7556}") = "Suyaa.Apis", "Suyaa.Apis\Suyaa.Apis.csproj", "{01A0DFF8-13FC-4E7E-AA6B-021C71BEC398}"
EndProject
Project("{9A19103F-16F7-4668-BE54-9A1E7A4F7556}") = "Suyaa.Apis.UI", "Suyaa.Apis.UI\Suyaa.Apis.UI.csproj", "{9C2AF859-89E7-4C7B-B4D6-3377DD0738C2}"
EndProject
Project("{9A19103F-16F7-4668-BE54-9A1E7A4F7556}") = "Suyaa.Apis.Basic", "Suyaa.Apis.Basic\Suyaa.Apis.Basic.csproj", "{85ACC553-E513-4405-A004-15016B271E49}"
EndProject
Project("{2150E333-8FDC-42A3-9474-1A3956D46DE8}") = "modules", "modules", "{31F5E41D-6A70-4E03-A7BA-B392998F87F8}"
EndProject
Project("{2150E333-8FDC-42A3-9474-1A3956D46DE8}") = "base", "base", "{624EABCB-1A42-4007-A7A3-2DB6AEA486A2}"
EndProject
Project("{2150E333-8FDC-42A3-9474-1A3956D46DE8}") = "lark", "lark", "{ABB13A2D-7308-42EC-B894-A33B88662DAE}"
EndProject
Project("{9A19103F-16F7-4668-BE54-9A1E7A4F7556}") = "Suyaa.Apis.Linux", "Suyaa.Apis.Linux\Suyaa.Apis.Linux.csproj", "{450B0132-4E04-4850-8376-B88CD6EFCFF0}"
EndProject
Project("{9A19103F-16F7-4668-BE54-9A1E7A4F7556}") = "Suyaa.Apis.Base.Entities", "modules\base\Suyaa.Apis.Base.Entities\Suyaa.Apis.Base.Entities.csproj", "{6B3E4951-C2A1-4AAE-B500-09204682CE8D}"
EndProject
Project("{9A19103F-16F7-4668-BE54-9A1E7A4F7556}") = "Suyaa.Apis.Base.Cores", "modules\base\Suyaa.Apis.Base.Cores\Suyaa.Apis.Base.Cores.csproj", "{9CBE67EC-47D4-4A49-B6D9-91271A8AFC23}"
EndProject
Project("{9A19103F-16F7-4668-BE54-9A1E7A4F7556}") = "Suyaa.Apis.Base.Apps", "modules\base\Suyaa.Apis.Base.Apps\Suyaa.Apis.Base.Apps.csproj", "{CD3203D1-3264-490C-BCBE-D87B501C40D4}"
EndProject
Project("{2150E333-8FDC-42A3-9474-1A3956D46DE8}") = "common", "common", "{84C7B635-DF10-4EC1-ACD7-15B9E91B59D7}"
EndProject
Project("{9A19103F-16F7-4668-BE54-9A1E7A4F7556}") = "Suyaa.Apis.Common.Cores", "modules\common\Suyaa.Apis.Common.Cores\Suyaa.Apis.Common.Cores.csproj", "{E68457DC-DD98-473A-98EF-E346FEB9A2D2}"
EndProject
Project("{9A19103F-16F7-4668-BE54-9A1E7A4F7556}") = "Suyaa.Apis.Common.Apps", "modules\common\Suyaa.Apis.Common.Apps\Suyaa.Apis.Common.Apps.csproj", "{72ABA380-FF49-42B3-B401-AD5E9854ABDF}"
EndProject
Project("{9A19103F-16F7-4668-BE54-9A1E7A4F7556}") = "Suyaa.Apis.Lark.Entities", "modules\lark\Suyaa.Apis.Lark.Entities\Suyaa.Apis.Lark.Entities.csproj", "{F33BF954-8A34-4409-86A0-A742E88F6E91}"
EndProject
Project("{9A19103F-16F7-4668-BE54-9A1E7A4F7556}") = "Suyaa.Apis.Lark.Cores", "modules\lark\Suyaa.Apis.Lark.Cores\Suyaa.Apis.Lark.Cores.csproj", "{7C061D10-F33D-4C3E-A502-905FA6086838}"
EndProject
Project("{9A19103F-16F7-4668-BE54-9A1E7A4F7556}") = "Suyaa.Apis.Lark.Apps", "modules\lark\Suyaa.Apis.Lark.Apps\Suyaa.Apis.Lark.Apps.csproj", "{6CFAF66C-1831-4E1C-B14F-42A93AA7D80D}"
EndProject
Project("{2150E333-8FDC-42A3-9474-1A3956D46DE8}") = "user", "user", "{DDCC7720-89CE-4DDA-B166-3ABCE4F9A85A}"
EndProject
Project("{9A19103F-16F7-4668-BE54-9A1E7A4F7556}") = "Suyaa.Apis.User.Entities", "modules\user\Suyaa.Apis.User.Entities\Suyaa.Apis.User.Entities.csproj", "{9809FF2D-C162-427B-88BC-8D7695AD4923}"
EndProject
Project("{9A19103F-16F7-4668-BE54-9A1E7A4F7556}") = "Suyaa.Apis.User.Cores", "modules\user\Suyaa.Apis.User.Cores\Suyaa.Apis.User.Cores.csproj", "{71CAC770-5CC3-4469-89ED-6BDFE0C72B3D}"
EndProject
Project("{9A19103F-16F7-4668-BE54-9A1E7A4F7556}") = "Suyaa.Apis.User.Apps", "modules\user\Suyaa.Apis.User.Apps\Suyaa.Apis.User.Apps.csproj", "{D745F77B-876C-40E7-9AAD-0880477C365A}"
EndProject
Project("{2150E333-8FDC-42A3-9474-1A3956D46DE8}") = "plugs", "plugs", "{E1B9AEB1-25D1-4267-BD5D-4B6C466EC1AC}"
EndProject
Project("{FAE04EC0-301F-11D3-BF4B-00C04F79EFBC}") = "Suyaa.Apis.Plugs.Common", "plugs\Suyaa.Apis.Plugs.Common\Suyaa.Apis.Plugs.Common.csproj", "{CA7C5FA6-F248-4DC0-9C39-27E1D1F480D6}"
EndProject
Global
	GlobalSection(SolutionConfigurationPlatforms) = preSolution
		Debug|Any CPU = Debug|Any CPU
		Release|Any CPU = Release|Any CPU
	EndGlobalSection
	GlobalSection(ProjectConfigurationPlatforms) = postSolution
		{6F56A9E7-0475-486D-91CA-1F22A6964FD6}.Debug|Any CPU.ActiveCfg = Debug|Any CPU
		{6F56A9E7-0475-486D-91CA-1F22A6964FD6}.Debug|Any CPU.Build.0 = Debug|Any CPU
		{6F56A9E7-0475-486D-91CA-1F22A6964FD6}.Release|Any CPU.ActiveCfg = Release|Any CPU
		{6F56A9E7-0475-486D-91CA-1F22A6964FD6}.Release|Any CPU.Build.0 = Release|Any CPU
		{01A0DFF8-13FC-4E7E-AA6B-021C71BEC398}.Debug|Any CPU.ActiveCfg = Debug|Any CPU
		{01A0DFF8-13FC-4E7E-AA6B-021C71BEC398}.Debug|Any CPU.Build.0 = Debug|Any CPU
		{01A0DFF8-13FC-4E7E-AA6B-021C71BEC398}.Release|Any CPU.ActiveCfg = Release|Any CPU
		{01A0DFF8-13FC-4E7E-AA6B-021C71BEC398}.Release|Any CPU.Build.0 = Release|Any CPU
		{9C2AF859-89E7-4C7B-B4D6-3377DD0738C2}.Debug|Any CPU.ActiveCfg = Debug|Any CPU
		{9C2AF859-89E7-4C7B-B4D6-3377DD0738C2}.Debug|Any CPU.Build.0 = Debug|Any CPU
		{9C2AF859-89E7-4C7B-B4D6-3377DD0738C2}.Release|Any CPU.ActiveCfg = Release|Any CPU
		{9C2AF859-89E7-4C7B-B4D6-3377DD0738C2}.Release|Any CPU.Build.0 = Release|Any CPU
		{85ACC553-E513-4405-A004-15016B271E49}.Debug|Any CPU.ActiveCfg = Debug|Any CPU
		{85ACC553-E513-4405-A004-15016B271E49}.Debug|Any CPU.Build.0 = Debug|Any CPU
		{85ACC553-E513-4405-A004-15016B271E49}.Release|Any CPU.ActiveCfg = Release|Any CPU
		{85ACC553-E513-4405-A004-15016B271E49}.Release|Any CPU.Build.0 = Release|Any CPU
		{450B0132-4E04-4850-8376-B88CD6EFCFF0}.Debug|Any CPU.ActiveCfg = Debug|Any CPU
		{450B0132-4E04-4850-8376-B88CD6EFCFF0}.Debug|Any CPU.Build.0 = Debug|Any CPU
		{450B0132-4E04-4850-8376-B88CD6EFCFF0}.Release|Any CPU.ActiveCfg = Release|Any CPU
		{450B0132-4E04-4850-8376-B88CD6EFCFF0}.Release|Any CPU.Build.0 = Release|Any CPU
		{6B3E4951-C2A1-4AAE-B500-09204682CE8D}.Debug|Any CPU.ActiveCfg = Debug|Any CPU
		{6B3E4951-C2A1-4AAE-B500-09204682CE8D}.Debug|Any CPU.Build.0 = Debug|Any CPU
		{6B3E4951-C2A1-4AAE-B500-09204682CE8D}.Release|Any CPU.ActiveCfg = Release|Any CPU
		{6B3E4951-C2A1-4AAE-B500-09204682CE8D}.Release|Any CPU.Build.0 = Release|Any CPU
		{9CBE67EC-47D4-4A49-B6D9-91271A8AFC23}.Debug|Any CPU.ActiveCfg = Debug|Any CPU
		{9CBE67EC-47D4-4A49-B6D9-91271A8AFC23}.Debug|Any CPU.Build.0 = Debug|Any CPU
		{9CBE67EC-47D4-4A49-B6D9-91271A8AFC23}.Release|Any CPU.ActiveCfg = Release|Any CPU
		{9CBE67EC-47D4-4A49-B6D9-91271A8AFC23}.Release|Any CPU.Build.0 = Release|Any CPU
		{CD3203D1-3264-490C-BCBE-D87B501C40D4}.Debug|Any CPU.ActiveCfg = Debug|Any CPU
		{CD3203D1-3264-490C-BCBE-D87B501C40D4}.Debug|Any CPU.Build.0 = Debug|Any CPU
		{CD3203D1-3264-490C-BCBE-D87B501C40D4}.Release|Any CPU.ActiveCfg = Release|Any CPU
		{CD3203D1-3264-490C-BCBE-D87B501C40D4}.Release|Any CPU.Build.0 = Release|Any CPU
		{E68457DC-DD98-473A-98EF-E346FEB9A2D2}.Debug|Any CPU.ActiveCfg = Debug|Any CPU
		{E68457DC-DD98-473A-98EF-E346FEB9A2D2}.Debug|Any CPU.Build.0 = Debug|Any CPU
		{E68457DC-DD98-473A-98EF-E346FEB9A2D2}.Release|Any CPU.ActiveCfg = Release|Any CPU
		{E68457DC-DD98-473A-98EF-E346FEB9A2D2}.Release|Any CPU.Build.0 = Release|Any CPU
		{72ABA380-FF49-42B3-B401-AD5E9854ABDF}.Debug|Any CPU.ActiveCfg = Debug|Any CPU
		{72ABA380-FF49-42B3-B401-AD5E9854ABDF}.Debug|Any CPU.Build.0 = Debug|Any CPU
		{72ABA380-FF49-42B3-B401-AD5E9854ABDF}.Release|Any CPU.ActiveCfg = Release|Any CPU
		{72ABA380-FF49-42B3-B401-AD5E9854ABDF}.Release|Any CPU.Build.0 = Release|Any CPU
		{F33BF954-8A34-4409-86A0-A742E88F6E91}.Debug|Any CPU.ActiveCfg = Debug|Any CPU
		{F33BF954-8A34-4409-86A0-A742E88F6E91}.Debug|Any CPU.Build.0 = Debug|Any CPU
		{F33BF954-8A34-4409-86A0-A742E88F6E91}.Release|Any CPU.ActiveCfg = Release|Any CPU
		{F33BF954-8A34-4409-86A0-A742E88F6E91}.Release|Any CPU.Build.0 = Release|Any CPU
		{7C061D10-F33D-4C3E-A502-905FA6086838}.Debug|Any CPU.ActiveCfg = Debug|Any CPU
		{7C061D10-F33D-4C3E-A502-905FA6086838}.Debug|Any CPU.Build.0 = Debug|Any CPU
		{7C061D10-F33D-4C3E-A502-905FA6086838}.Release|Any CPU.ActiveCfg = Release|Any CPU
		{7C061D10-F33D-4C3E-A502-905FA6086838}.Release|Any CPU.Build.0 = Release|Any CPU
		{6CFAF66C-1831-4E1C-B14F-42A93AA7D80D}.Debug|Any CPU.ActiveCfg = Debug|Any CPU
		{6CFAF66C-1831-4E1C-B14F-42A93AA7D80D}.Debug|Any CPU.Build.0 = Debug|Any CPU
		{6CFAF66C-1831-4E1C-B14F-42A93AA7D80D}.Release|Any CPU.ActiveCfg = Release|Any CPU
		{6CFAF66C-1831-4E1C-B14F-42A93AA7D80D}.Release|Any CPU.Build.0 = Release|Any CPU
		{9809FF2D-C162-427B-88BC-8D7695AD4923}.Debug|Any CPU.ActiveCfg = Debug|Any CPU
		{9809FF2D-C162-427B-88BC-8D7695AD4923}.Debug|Any CPU.Build.0 = Debug|Any CPU
		{9809FF2D-C162-427B-88BC-8D7695AD4923}.Release|Any CPU.ActiveCfg = Release|Any CPU
		{9809FF2D-C162-427B-88BC-8D7695AD4923}.Release|Any CPU.Build.0 = Release|Any CPU
		{71CAC770-5CC3-4469-89ED-6BDFE0C72B3D}.Debug|Any CPU.ActiveCfg = Debug|Any CPU
		{71CAC770-5CC3-4469-89ED-6BDFE0C72B3D}.Debug|Any CPU.Build.0 = Debug|Any CPU
		{71CAC770-5CC3-4469-89ED-6BDFE0C72B3D}.Release|Any CPU.ActiveCfg = Release|Any CPU
		{71CAC770-5CC3-4469-89ED-6BDFE0C72B3D}.Release|Any CPU.Build.0 = Release|Any CPU
		{D745F77B-876C-40E7-9AAD-0880477C365A}.Debug|Any CPU.ActiveCfg = Debug|Any CPU
		{D745F77B-876C-40E7-9AAD-0880477C365A}.Debug|Any CPU.Build.0 = Debug|Any CPU
		{D745F77B-876C-40E7-9AAD-0880477C365A}.Release|Any CPU.ActiveCfg = Release|Any CPU
		{D745F77B-876C-40E7-9AAD-0880477C365A}.Release|Any CPU.Build.0 = Release|Any CPU
		{CA7C5FA6-F248-4DC0-9C39-27E1D1F480D6}.Debug|Any CPU.ActiveCfg = Debug|Any CPU
		{CA7C5FA6-F248-4DC0-9C39-27E1D1F480D6}.Debug|Any CPU.Build.0 = Debug|Any CPU
		{CA7C5FA6-F248-4DC0-9C39-27E1D1F480D6}.Release|Any CPU.ActiveCfg = Release|Any CPU
		{CA7C5FA6-F248-4DC0-9C39-27E1D1F480D6}.Release|Any CPU.Build.0 = Release|Any CPU
	EndGlobalSection
	GlobalSection(SolutionProperties) = preSolution
		HideSolutionNode = FALSE
	EndGlobalSection
	GlobalSection(NestedProjects) = preSolution
		{624EABCB-1A42-4007-A7A3-2DB6AEA486A2} = {31F5E41D-6A70-4E03-A7BA-B392998F87F8}
		{ABB13A2D-7308-42EC-B894-A33B88662DAE} = {31F5E41D-6A70-4E03-A7BA-B392998F87F8}
		{6B3E4951-C2A1-4AAE-B500-09204682CE8D} = {624EABCB-1A42-4007-A7A3-2DB6AEA486A2}
		{9CBE67EC-47D4-4A49-B6D9-91271A8AFC23} = {624EABCB-1A42-4007-A7A3-2DB6AEA486A2}
		{CD3203D1-3264-490C-BCBE-D87B501C40D4} = {624EABCB-1A42-4007-A7A3-2DB6AEA486A2}
		{84C7B635-DF10-4EC1-ACD7-15B9E91B59D7} = {31F5E41D-6A70-4E03-A7BA-B392998F87F8}
		{E68457DC-DD98-473A-98EF-E346FEB9A2D2} = {84C7B635-DF10-4EC1-ACD7-15B9E91B59D7}
		{72ABA380-FF49-42B3-B401-AD5E9854ABDF} = {84C7B635-DF10-4EC1-ACD7-15B9E91B59D7}
		{F33BF954-8A34-4409-86A0-A742E88F6E91} = {ABB13A2D-7308-42EC-B894-A33B88662DAE}
		{7C061D10-F33D-4C3E-A502-905FA6086838} = {ABB13A2D-7308-42EC-B894-A33B88662DAE}
		{6CFAF66C-1831-4E1C-B14F-42A93AA7D80D} = {ABB13A2D-7308-42EC-B894-A33B88662DAE}
		{DDCC7720-89CE-4DDA-B166-3ABCE4F9A85A} = {31F5E41D-6A70-4E03-A7BA-B392998F87F8}
		{9809FF2D-C162-427B-88BC-8D7695AD4923} = {DDCC7720-89CE-4DDA-B166-3ABCE4F9A85A}
		{71CAC770-5CC3-4469-89ED-6BDFE0C72B3D} = {DDCC7720-89CE-4DDA-B166-3ABCE4F9A85A}
		{D745F77B-876C-40E7-9AAD-0880477C365A} = {DDCC7720-89CE-4DDA-B166-3ABCE4F9A85A}
		{CA7C5FA6-F248-4DC0-9C39-27E1D1F480D6} = {E1B9AEB1-25D1-4267-BD5D-4B6C466EC1AC}
	EndGlobalSection
	GlobalSection(ExtensibilityGlobals) = postSolution
		SolutionGuid = {8496237A-9379-46E4-99BC-EE2C7550F02F}
	EndGlobalSection
EndGlobal
